
Microsoft Visual Studio Solution File, Format Version 12.00
# Visual Studio 15
VisualStudioVersion = 15.0.28307.852
MinimumVisualStudioVersion = 10.0.40219.1
Project("{FAE04EC0-301F-11D3-BF4B-00C04F79EFBC}") = "PianoHeroDesktopApp", "PianoHeroDesktopApp\PianoHeroDesktopApp.csproj", "{4D3A0B55-3391-4DA6-9B09-04153C56A2BA}"
EndProject
Global
	GlobalSection(SolutionConfigurationPlatforms) = preSolution
		Debug|Any CPU = Debug|Any CPU
		Release|Any CPU = Release|Any CPU
	EndGlobalSection
	GlobalSection(ProjectConfigurationPlatforms) = postSolution
		{4D3A0B55-3391-4DA6-9B09-04153C56A2BA}.Debug|Any CPU.ActiveCfg = Debug|Any CPU
		{4D3A0B55-3391-4DA6-9B09-04153C56A2BA}.Debug|Any CPU.Build.0 = Debug|Any CPU
		{4D3A0B55-3391-4DA6-9B09-04153C56A2BA}.Release|Any CPU.ActiveCfg = Release|Any CPU
		{4D3A0B55-3391-4DA6-9B09-04153C56A2BA}.Release|Any CPU.Build.0 = Release|Any CPU
	EndGlobalSection
	GlobalSection(SolutionProperties) = preSolution
		HideSolutionNode = FALSE
	EndGlobalSection
	GlobalSection(ExtensibilityGlobals) = postSolution
		SolutionGuid = {C27D2414-ED46-4667-9868-0DD0A488E243}
	EndGlobalSection
EndGlobal
